// !$*UTF8*$!
{
	archiveVersion = 1;
	classes = {
	};
	objectVersion = 50;
	objects = {

/* Begin PBXBuildFile section */
		4F5D5AD02161FB3B001D8A07 /* moai.jpg in Resources */ = {isa = PBXBuildFile; fileRef = 4F5D5ACF2161FB3B001D8A07 /* moai.jpg */; };
		4F5D5AD22161FB72001D8A07 /* candlestick.jpg in Resources */ = {isa = PBXBuildFile; fileRef = 4F5D5AD12161FB72001D8A07 /* candlestick.jpg */; };
		4F5D5AD72162010A001D8A07 /* ClimbModel.swift in Sources */ = {isa = PBXBuildFile; fileRef = 4F5D5AD62162010A001D8A07 /* ClimbModel.swift */; };
		4F5D5ADE2164E4B9001D8A07 /* ClimbPageViewController.swift in Sources */ = {isa = PBXBuildFile; fileRef = 4F5D5ADD2164E4B9001D8A07 /* ClimbPageViewController.swift */; };
		4F5D5AE02164EA9D001D8A07 /* RootViewController.swift in Sources */ = {isa = PBXBuildFile; fileRef = 4F5D5ADF2164EA9D001D8A07 /* RootViewController.swift */; };
		4F5D5AE22164FB15001D8A07 /* overlay_tote.jpg in Resources */ = {isa = PBXBuildFile; fileRef = 4F5D5AE12164FB15001D8A07 /* overlay_tote.jpg */; };
		4F5D5AE42164FEA0001D8A07 /* pitches.png in Resources */ = {isa = PBXBuildFile; fileRef = 4F5D5AE32164FEA0001D8A07 /* pitches.png */; };
		4F66DF31216980A50089AFE4 /* SplashScreenViewController.swift in Sources */ = {isa = PBXBuildFile; fileRef = 4F66DF30216980A50089AFE4 /* SplashScreenViewController.swift */; };
		4F66DF332169821D0089AFE4 /* AnimatedLogoView.swift in Sources */ = {isa = PBXBuildFile; fileRef = 4F66DF322169821D0089AFE4 /* AnimatedLogoView.swift */; };
		4F66DF35216986B50089AFE4 /* Colors.swift in Sources */ = {isa = PBXBuildFile; fileRef = 4F66DF34216986B50089AFE4 /* Colors.swift */; };
		4F66DF3C2169F6040089AFE4 /* flinders.jpg in Resources */ = {isa = PBXBuildFile; fileRef = 4F66DF382169F6030089AFE4 /* flinders.jpg */; };
		4F66DF3D2169F6040089AFE4 /* kp.jpg in Resources */ = {isa = PBXBuildFile; fileRef = 4F66DF392169F6030089AFE4 /* kp.jpg */; };
		4F66DF3F2169F6040089AFE4 /* frog.jpg in Resources */ = {isa = PBXBuildFile; fileRef = 4F66DF3B2169F6040089AFE4 /* frog.jpg */; };
		4F6FCCA721DDD45000724E52 /* carat.png in Resources */ = {isa = PBXBuildFile; fileRef = 4F6FCCA621DDD45000724E52 /* carat.png */; };
		4FCC1F8821605CC6001B63ED /* AppDelegate.swift in Sources */ = {isa = PBXBuildFile; fileRef = 4FCC1F8721605CC6001B63ED /* AppDelegate.swift */; };
		4FCC1F8A21605CC6001B63ED /* ClimbPageContentController.swift in Sources */ = {isa = PBXBuildFile; fileRef = 4FCC1F8921605CC6001B63ED /* ClimbPageContentController.swift */; };
		4FCC1F8D21605CC6001B63ED /* Main.storyboard in Resources */ = {isa = PBXBuildFile; fileRef = 4FCC1F8B21605CC6001B63ED /* Main.storyboard */; };
		4FCC1F9021605CC6001B63ED /* Climb_Data.xcdatamodeld in Sources */ = {isa = PBXBuildFile; fileRef = 4FCC1F8E21605CC6001B63ED /* Climb_Data.xcdatamodeld */; };
		4FCC1F9221605CC8001B63ED /* Assets.xcassets in Resources */ = {isa = PBXBuildFile; fileRef = 4FCC1F9121605CC8001B63ED /* Assets.xcassets */; };
		4FCC1F9521605CC8001B63ED /* LaunchScreen.storyboard in Resources */ = {isa = PBXBuildFile; fileRef = 4FCC1F9321605CC8001B63ED /* LaunchScreen.storyboard */; };
		4FCC1FA021605CC8001B63ED /* ClimbTests.swift in Sources */ = {isa = PBXBuildFile; fileRef = 4FCC1F9F21605CC8001B63ED /* ClimbTests.swift */; };
		4FCC1FAB21605CC8001B63ED /* ClimbUITests.swift in Sources */ = {isa = PBXBuildFile; fileRef = 4FCC1FAA21605CC8001B63ED /* ClimbUITests.swift */; };
		4FCC1FBC2160685E001B63ED /* sport.png in Resources */ = {isa = PBXBuildFile; fileRef = 4FCC1FBB2160685E001B63ED /* sport.png */; };
		4FCC1FBE2160701C001B63ED /* tote.jpg in Resources */ = {isa = PBXBuildFile; fileRef = 4FCC1FBD2160701C001B63ED /* tote.jpg */; };
		4FCC1FC0216072C8001B63ED /* GradientView.swift in Sources */ = {isa = PBXBuildFile; fileRef = 4FCC1FBF216072C8001B63ED /* GradientView.swift */; };
		4FE31B6521E96BA100B45723 /* DirectionalPanGestureRecognizer.swift in Sources */ = {isa = PBXBuildFile; fileRef = 4FE31B6421E96BA100B45723 /* DirectionalPanGestureRecognizer.swift */; };
		4FF14FC12203DE5C00629A21 /* backIcon.png in Resources */ = {isa = PBXBuildFile; fileRef = 4FF14FC02203DE5C00629A21 /* backIcon.png */; };
		4FF14FC32203DEA800629A21 /* backIcon2.png in Resources */ = {isa = PBXBuildFile; fileRef = 4FF14FC22203DEA800629A21 /* backIcon2.png */; };
		4FFA883021718E3500429F84 /* trad.png in Resources */ = {isa = PBXBuildFile; fileRef = 4FFA882F21718E3500429F84 /* trad.png */; };
		4FFA883421719F8C00429F84 /* 3Star.png in Resources */ = {isa = PBXBuildFile; fileRef = 4FFA883121719F8B00429F84 /* 3Star.png */; };
		4FFA88392171A43500429F84 /* 2Star.png in Resources */ = {isa = PBXBuildFile; fileRef = 4FFA88372171A43500429F84 /* 2Star.png */; };
		4FFA883A2171A43500429F84 /* 1Star.png in Resources */ = {isa = PBXBuildFile; fileRef = 4FFA88382171A43500429F84 /* 1Star.png */; };
		4FFA883C2171A47300429F84 /* MockClimbData.swift in Sources */ = {isa = PBXBuildFile; fileRef = 4FFA883B2171A47300429F84 /* MockClimbData.swift */; };
		4FFC43E92167AE6B005D3384 /* celestial.jpg in Resources */ = {isa = PBXBuildFile; fileRef = 4FFC43E82167AE6B005D3384 /* celestial.jpg */; };
		D915358F21A274A800C90981 /* driveIcon.png in Resources */ = {isa = PBXBuildFile; fileRef = D915358D21A274A800C90981 /* driveIcon.png */; };
		D915359421A2767500C90981 /* listIcon.png in Resources */ = {isa = PBXBuildFile; fileRef = D915359321A2767400C90981 /* listIcon.png */; };
		D915359621A2C2E500C90981 /* hikeIcon.png in Resources */ = {isa = PBXBuildFile; fileRef = D915359521A2C2E500C90981 /* hikeIcon.png */; };
		D915359A21A2C62F00C90981 /* DismissClimbListTransition.swift in Sources */ = {isa = PBXBuildFile; fileRef = D915359921A2C62F00C90981 /* DismissClimbListTransition.swift */; };
		D915359C21A2C88000C90981 /* DismissClimbListAnimationController.swift in Sources */ = {isa = PBXBuildFile; fileRef = D915359B21A2C88000C90981 /* DismissClimbListAnimationController.swift */; };
		D915359E21A2D36E00C90981 /* ShowClimbListAnimationController.swift in Sources */ = {isa = PBXBuildFile; fileRef = D915359D21A2D36E00C90981 /* ShowClimbListAnimationController.swift */; };
		D91535A021A2DDE200C90981 /* ShowClimbListTransition.swift in Sources */ = {isa = PBXBuildFile; fileRef = D915359F21A2DDE200C90981 /* ShowClimbListTransition.swift */; };
		D91535A221A3929300C90981 /* CollapseCragDetailSegue.swift in Sources */ = {isa = PBXBuildFile; fileRef = D91535A121A3929300C90981 /* CollapseCragDetailSegue.swift */; };
		D91535A621A394F900C90981 /* climbCountIcon.png in Resources */ = {isa = PBXBuildFile; fileRef = D91535A521A394F900C90981 /* climbCountIcon.png */; };
		D94FC6AE219EB69B00E0884F /* CragDetailViewController.swift in Sources */ = {isa = PBXBuildFile; fileRef = D94FC6AD219EB69B00E0884F /* CragDetailViewController.swift */; };
		D94FC6B0219EB8A100E0884F /* CragModel.swift in Sources */ = {isa = PBXBuildFile; fileRef = D94FC6AF219EB8A100E0884F /* CragModel.swift */; };
		D94FC6B221A0DF7500E0884F /* MockCragData.swift in Sources */ = {isa = PBXBuildFile; fileRef = D94FC6B121A0DF7500E0884F /* MockCragData.swift */; };
		D94FC6B521A1022200E0884F /* ExpandCragDetailSegue.swift in Sources */ = {isa = PBXBuildFile; fileRef = D94FC6B421A1022200E0884F /* ExpandCragDetailSegue.swift */; };
		D95926B221A63F9500C90077 /* ShowCragListViewSegue.swift in Sources */ = {isa = PBXBuildFile; fileRef = D95926B121A63F9500C90077 /* ShowCragListViewSegue.swift */; };
		D98DBC0621996F55004B7577 /* CragListViewController.swift in Sources */ = {isa = PBXBuildFile; fileRef = D98DBC0521996F55004B7577 /* CragListViewController.swift */; };
		D98DBC0921997C9D004B7577 /* ClimbListViewController.swift in Sources */ = {isa = PBXBuildFile; fileRef = D98DBC0821997C9D004B7577 /* ClimbListViewController.swift */; };
		D98DBC0B2199B5DC004B7577 /* ClimbListBulletView.swift in Sources */ = {isa = PBXBuildFile; fileRef = D98DBC0A2199B5DC004B7577 /* ClimbListBulletView.swift */; };
/* End PBXBuildFile section */

/* Begin PBXContainerItemProxy section */
		4FCC1F9C21605CC8001B63ED /* PBXContainerItemProxy */ = {
			isa = PBXContainerItemProxy;
			containerPortal = 4FCC1F7C21605CC6001B63ED /* Project object */;
			proxyType = 1;
			remoteGlobalIDString = 4FCC1F8321605CC6001B63ED;
			remoteInfo = Climb;
		};
		4FCC1FA721605CC8001B63ED /* PBXContainerItemProxy */ = {
			isa = PBXContainerItemProxy;
			containerPortal = 4FCC1F7C21605CC6001B63ED /* Project object */;
			proxyType = 1;
			remoteGlobalIDString = 4FCC1F8321605CC6001B63ED;
			remoteInfo = Climb;
		};
/* End PBXContainerItemProxy section */

/* Begin PBXFileReference section */
		4F5D5ACF2161FB3B001D8A07 /* moai.jpg */ = {isa = PBXFileReference; lastKnownFileType = image.jpeg; path = moai.jpg; sourceTree = "<group>"; };
		4F5D5AD12161FB72001D8A07 /* candlestick.jpg */ = {isa = PBXFileReference; lastKnownFileType = image.jpeg; path = candlestick.jpg; sourceTree = "<group>"; };
		4F5D5AD62162010A001D8A07 /* ClimbModel.swift */ = {isa = PBXFileReference; lastKnownFileType = sourcecode.swift; path = ClimbModel.swift; sourceTree = "<group>"; };
		4F5D5ADD2164E4B9001D8A07 /* ClimbPageViewController.swift */ = {isa = PBXFileReference; lastKnownFileType = sourcecode.swift; path = ClimbPageViewController.swift; sourceTree = "<group>"; };
		4F5D5ADF2164EA9D001D8A07 /* RootViewController.swift */ = {isa = PBXFileReference; lastKnownFileType = sourcecode.swift; path = RootViewController.swift; sourceTree = "<group>"; };
		4F5D5AE12164FB15001D8A07 /* overlay_tote.jpg */ = {isa = PBXFileReference; lastKnownFileType = image.jpeg; path = overlay_tote.jpg; sourceTree = "<group>"; };
		4F5D5AE32164FEA0001D8A07 /* pitches.png */ = {isa = PBXFileReference; lastKnownFileType = image.png; name = pitches.png; path = ../Icons/pitches.png; sourceTree = "<group>"; };
		4F66DF30216980A50089AFE4 /* SplashScreenViewController.swift */ = {isa = PBXFileReference; lastKnownFileType = sourcecode.swift; path = SplashScreenViewController.swift; sourceTree = "<group>"; };
		4F66DF322169821D0089AFE4 /* AnimatedLogoView.swift */ = {isa = PBXFileReference; lastKnownFileType = sourcecode.swift; path = AnimatedLogoView.swift; sourceTree = "<group>"; };
		4F66DF34216986B50089AFE4 /* Colors.swift */ = {isa = PBXFileReference; lastKnownFileType = sourcecode.swift; path = Colors.swift; sourceTree = "<group>"; };
		4F66DF382169F6030089AFE4 /* flinders.jpg */ = {isa = PBXFileReference; lastKnownFileType = image.jpeg; path = flinders.jpg; sourceTree = "<group>"; };
		4F66DF392169F6030089AFE4 /* kp.jpg */ = {isa = PBXFileReference; lastKnownFileType = image.jpeg; path = kp.jpg; sourceTree = "<group>"; };
		4F66DF3B2169F6040089AFE4 /* frog.jpg */ = {isa = PBXFileReference; lastKnownFileType = image.jpeg; path = frog.jpg; sourceTree = "<group>"; };
		4F6FCCA621DDD45000724E52 /* carat.png */ = {isa = PBXFileReference; lastKnownFileType = image.png; path = carat.png; sourceTree = "<group>"; };
		4FCC1F8421605CC6001B63ED /* Climb.app */ = {isa = PBXFileReference; explicitFileType = wrapper.application; includeInIndex = 0; path = Climb.app; sourceTree = BUILT_PRODUCTS_DIR; };
		4FCC1F8721605CC6001B63ED /* AppDelegate.swift */ = {isa = PBXFileReference; lastKnownFileType = sourcecode.swift; path = AppDelegate.swift; sourceTree = "<group>"; };
		4FCC1F8921605CC6001B63ED /* ClimbPageContentController.swift */ = {isa = PBXFileReference; lastKnownFileType = sourcecode.swift; path = ClimbPageContentController.swift; sourceTree = "<group>"; };
		4FCC1F8C21605CC6001B63ED /* Base */ = {isa = PBXFileReference; lastKnownFileType = file.storyboard; name = Base; path = Base.lproj/Main.storyboard; sourceTree = "<group>"; };
		4FCC1F8F21605CC6001B63ED /* Climb.xcdatamodel */ = {isa = PBXFileReference; lastKnownFileType = wrapper.xcdatamodel; path = Climb.xcdatamodel; sourceTree = "<group>"; };
		4FCC1F9121605CC8001B63ED /* Assets.xcassets */ = {isa = PBXFileReference; lastKnownFileType = folder.assetcatalog; path = Assets.xcassets; sourceTree = "<group>"; };
		4FCC1F9421605CC8001B63ED /* Base */ = {isa = PBXFileReference; lastKnownFileType = file.storyboard; name = Base; path = Base.lproj/LaunchScreen.storyboard; sourceTree = "<group>"; };
		4FCC1F9621605CC8001B63ED /* Info.plist */ = {isa = PBXFileReference; lastKnownFileType = text.plist.xml; path = Info.plist; sourceTree = "<group>"; };
		4FCC1F9B21605CC8001B63ED /* ClimbTests.xctest */ = {isa = PBXFileReference; explicitFileType = wrapper.cfbundle; includeInIndex = 0; path = ClimbTests.xctest; sourceTree = BUILT_PRODUCTS_DIR; };
		4FCC1F9F21605CC8001B63ED /* ClimbTests.swift */ = {isa = PBXFileReference; lastKnownFileType = sourcecode.swift; path = ClimbTests.swift; sourceTree = "<group>"; };
		4FCC1FA121605CC8001B63ED /* Info.plist */ = {isa = PBXFileReference; lastKnownFileType = text.plist.xml; path = Info.plist; sourceTree = "<group>"; };
		4FCC1FA621605CC8001B63ED /* ClimbUITests.xctest */ = {isa = PBXFileReference; explicitFileType = wrapper.cfbundle; includeInIndex = 0; path = ClimbUITests.xctest; sourceTree = BUILT_PRODUCTS_DIR; };
		4FCC1FAA21605CC8001B63ED /* ClimbUITests.swift */ = {isa = PBXFileReference; lastKnownFileType = sourcecode.swift; path = ClimbUITests.swift; sourceTree = "<group>"; };
		4FCC1FAC21605CC8001B63ED /* Info.plist */ = {isa = PBXFileReference; lastKnownFileType = text.plist.xml; path = Info.plist; sourceTree = "<group>"; };
		4FCC1FBB2160685E001B63ED /* sport.png */ = {isa = PBXFileReference; lastKnownFileType = image.png; name = sport.png; path = ../Icons/sport.png; sourceTree = "<group>"; };
		4FCC1FBD2160701C001B63ED /* tote.jpg */ = {isa = PBXFileReference; lastKnownFileType = image.jpeg; path = tote.jpg; sourceTree = "<group>"; };
		4FCC1FBF216072C8001B63ED /* GradientView.swift */ = {isa = PBXFileReference; lastKnownFileType = sourcecode.swift; path = GradientView.swift; sourceTree = "<group>"; };
		4FE31B6421E96BA100B45723 /* DirectionalPanGestureRecognizer.swift */ = {isa = PBXFileReference; lastKnownFileType = sourcecode.swift; path = DirectionalPanGestureRecognizer.swift; sourceTree = "<group>"; };
		4FF14FC02203DE5C00629A21 /* backIcon.png */ = {isa = PBXFileReference; lastKnownFileType = image.png; name = backIcon.png; path = ../../../../Downloads/backIcon.png; sourceTree = "<group>"; };
		4FF14FC22203DEA800629A21 /* backIcon2.png */ = {isa = PBXFileReference; lastKnownFileType = image.png; name = backIcon2.png; path = ../../../../Downloads/backIcon2.png; sourceTree = "<group>"; };
		4FFA882F21718E3500429F84 /* trad.png */ = {isa = PBXFileReference; lastKnownFileType = image.png; name = trad.png; path = ../Icons/trad.png; sourceTree = "<group>"; };
		4FFA883121719F8B00429F84 /* 3Star.png */ = {isa = PBXFileReference; lastKnownFileType = image.png; name = 3Star.png; path = ../Icons/3Star.png; sourceTree = "<group>"; };
		4FFA88372171A43500429F84 /* 2Star.png */ = {isa = PBXFileReference; lastKnownFileType = image.png; name = 2Star.png; path = ../Icons/2Star.png; sourceTree = "<group>"; };
		4FFA88382171A43500429F84 /* 1Star.png */ = {isa = PBXFileReference; lastKnownFileType = image.png; name = 1Star.png; path = ../Icons/1Star.png; sourceTree = "<group>"; };
		4FFA883B2171A47300429F84 /* MockClimbData.swift */ = {isa = PBXFileReference; lastKnownFileType = sourcecode.swift; path = MockClimbData.swift; sourceTree = "<group>"; };
		4FFC43E82167AE6B005D3384 /* celestial.jpg */ = {isa = PBXFileReference; lastKnownFileType = image.jpeg; path = celestial.jpg; sourceTree = "<group>"; };
		D915358D21A274A800C90981 /* driveIcon.png */ = {isa = PBXFileReference; lastKnownFileType = image.png; name = driveIcon.png; path = ../Icons/driveIcon.png; sourceTree = "<group>"; };
		D915359321A2767400C90981 /* listIcon.png */ = {isa = PBXFileReference; lastKnownFileType = image.png; name = listIcon.png; path = ../Icons/listIcon.png; sourceTree = "<group>"; };
		D915359521A2C2E500C90981 /* hikeIcon.png */ = {isa = PBXFileReference; lastKnownFileType = image.png; name = hikeIcon.png; path = ../Icons/hikeIcon.png; sourceTree = "<group>"; };
		D915359921A2C62F00C90981 /* DismissClimbListTransition.swift */ = {isa = PBXFileReference; lastKnownFileType = sourcecode.swift; path = DismissClimbListTransition.swift; sourceTree = "<group>"; };
		D915359B21A2C88000C90981 /* DismissClimbListAnimationController.swift */ = {isa = PBXFileReference; lastKnownFileType = sourcecode.swift; path = DismissClimbListAnimationController.swift; sourceTree = "<group>"; };
		D915359D21A2D36E00C90981 /* ShowClimbListAnimationController.swift */ = {isa = PBXFileReference; lastKnownFileType = sourcecode.swift; path = ShowClimbListAnimationController.swift; sourceTree = "<group>"; };
		D915359F21A2DDE200C90981 /* ShowClimbListTransition.swift */ = {isa = PBXFileReference; lastKnownFileType = sourcecode.swift; path = ShowClimbListTransition.swift; sourceTree = "<group>"; };
		D91535A121A3929300C90981 /* CollapseCragDetailSegue.swift */ = {isa = PBXFileReference; lastKnownFileType = sourcecode.swift; path = CollapseCragDetailSegue.swift; sourceTree = "<group>"; };
		D91535A521A394F900C90981 /* climbCountIcon.png */ = {isa = PBXFileReference; lastKnownFileType = image.png; name = climbCountIcon.png; path = ../Icons/climbCountIcon.png; sourceTree = "<group>"; };
		D94FC6AD219EB69B00E0884F /* CragDetailViewController.swift */ = {isa = PBXFileReference; lastKnownFileType = sourcecode.swift; path = CragDetailViewController.swift; sourceTree = "<group>"; };
		D94FC6AF219EB8A100E0884F /* CragModel.swift */ = {isa = PBXFileReference; lastKnownFileType = sourcecode.swift; path = CragModel.swift; sourceTree = "<group>"; };
		D94FC6B121A0DF7500E0884F /* MockCragData.swift */ = {isa = PBXFileReference; lastKnownFileType = sourcecode.swift; path = MockCragData.swift; sourceTree = "<group>"; };
		D94FC6B421A1022200E0884F /* ExpandCragDetailSegue.swift */ = {isa = PBXFileReference; lastKnownFileType = sourcecode.swift; path = ExpandCragDetailSegue.swift; sourceTree = "<group>"; wrapsLines = 0; };
		D95926B121A63F9500C90077 /* ShowCragListViewSegue.swift */ = {isa = PBXFileReference; lastKnownFileType = sourcecode.swift; path = ShowCragListViewSegue.swift; sourceTree = "<group>"; };
		D98DBC0521996F55004B7577 /* CragListViewController.swift */ = {isa = PBXFileReference; lastKnownFileType = sourcecode.swift; path = CragListViewController.swift; sourceTree = "<group>"; };
		D98DBC0821997C9D004B7577 /* ClimbListViewController.swift */ = {isa = PBXFileReference; lastKnownFileType = sourcecode.swift; path = ClimbListViewController.swift; sourceTree = "<group>"; };
		D98DBC0A2199B5DC004B7577 /* ClimbListBulletView.swift */ = {isa = PBXFileReference; lastKnownFileType = sourcecode.swift; path = ClimbListBulletView.swift; sourceTree = "<group>"; };
/* End PBXFileReference section */

/* Begin PBXFrameworksBuildPhase section */
		4FCC1F8121605CC6001B63ED /* Frameworks */ = {
			isa = PBXFrameworksBuildPhase;
			buildActionMask = 2147483647;
			files = (
			);
			runOnlyForDeploymentPostprocessing = 0;
		};
		4FCC1F9821605CC8001B63ED /* Frameworks */ = {
			isa = PBXFrameworksBuildPhase;
			buildActionMask = 2147483647;
			files = (
			);
			runOnlyForDeploymentPostprocessing = 0;
		};
		4FCC1FA321605CC8001B63ED /* Frameworks */ = {
			isa = PBXFrameworksBuildPhase;
			buildActionMask = 2147483647;
			files = (
			);
			runOnlyForDeploymentPostprocessing = 0;
		};
/* End PBXFrameworksBuildPhase section */

/* Begin PBXGroup section */
		4F5D5ACB2161DD06001D8A07 /* ViewControllers */ = {
			isa = PBXGroup;
			children = (
				4F5D5ADF2164EA9D001D8A07 /* RootViewController.swift */,
				4F66DF30216980A50089AFE4 /* SplashScreenViewController.swift */,
				D98DBC0521996F55004B7577 /* CragListViewController.swift */,
				D94FC6AD219EB69B00E0884F /* CragDetailViewController.swift */,
				D98DBC0821997C9D004B7577 /* ClimbListViewController.swift */,
				4F5D5ADD2164E4B9001D8A07 /* ClimbPageViewController.swift */,
				4FCC1F8921605CC6001B63ED /* ClimbPageContentController.swift */,
			);
			path = ViewControllers;
			sourceTree = "<group>";
		};
		4F5D5ACC2161DD14001D8A07 /* Constants */ = {
			isa = PBXGroup;
			children = (
				4F66DF34216986B50089AFE4 /* Colors.swift */,
				4FFA883B2171A47300429F84 /* MockClimbData.swift */,
				D94FC6B121A0DF7500E0884F /* MockCragData.swift */,
			);
			path = Constants;
			sourceTree = "<group>";
		};
		4F5D5ACD2161DD1C001D8A07 /* Application */ = {
			isa = PBXGroup;
			children = (
				4FCC1F8721605CC6001B63ED /* AppDelegate.swift */,
			);
			path = Application;
			sourceTree = "<group>";
		};
		4F5D5ACE2161DD47001D8A07 /* Storyboards */ = {
			isa = PBXGroup;
			children = (
				4FCC1F8B21605CC6001B63ED /* Main.storyboard */,
				4FCC1F9321605CC8001B63ED /* LaunchScreen.storyboard */,
			);
			path = Storyboards;
			sourceTree = "<group>";
		};
		4F5D5AD32161FF6A001D8A07 /* Views */ = {
			isa = PBXGroup;
			children = (
				4FCC1FBF216072C8001B63ED /* GradientView.swift */,
				4F66DF322169821D0089AFE4 /* AnimatedLogoView.swift */,
				D98DBC0A2199B5DC004B7577 /* ClimbListBulletView.swift */,
			);
			path = Views;
			sourceTree = "<group>";
		};
		4F5D5AD821620111001D8A07 /* Models */ = {
			isa = PBXGroup;
			children = (
				4F5D5AD62162010A001D8A07 /* ClimbModel.swift */,
				D94FC6AF219EB8A100E0884F /* CragModel.swift */,
			);
			path = Models;
			sourceTree = "<group>";
		};
		4FCC1F7B21605CC6001B63ED = {
			isa = PBXGroup;
			children = (
				4FCC1FB821605FAF001B63ED /* Assets */,
				4FCC1F8621605CC6001B63ED /* Climb */,
				4FCC1F9E21605CC8001B63ED /* ClimbTests */,
				4FCC1FA921605CC8001B63ED /* ClimbUITests */,
				4FCC1F8521605CC6001B63ED /* Products */,
			);
			sourceTree = "<group>";
		};
		4FCC1F8521605CC6001B63ED /* Products */ = {
			isa = PBXGroup;
			children = (
				4FCC1F8421605CC6001B63ED /* Climb.app */,
				4FCC1F9B21605CC8001B63ED /* ClimbTests.xctest */,
				4FCC1FA621605CC8001B63ED /* ClimbUITests.xctest */,
			);
			name = Products;
			sourceTree = "<group>";
		};
		4FCC1F8621605CC6001B63ED /* Climb */ = {
			isa = PBXGroup;
			children = (
				4FE31B6321E96B8200B45723 /* Subclasses */,
				D94FC6B321A1020300E0884F /* Transitions */,
				4F5D5ACE2161DD47001D8A07 /* Storyboards */,
				4F5D5ACB2161DD06001D8A07 /* ViewControllers */,
				4F5D5AD32161FF6A001D8A07 /* Views */,
				4F5D5ACC2161DD14001D8A07 /* Constants */,
				4F5D5AD821620111001D8A07 /* Models */,
				4F5D5ACD2161DD1C001D8A07 /* Application */,
				4FCC1F9621605CC8001B63ED /* Info.plist */,
			);
			path = Climb;
			sourceTree = "<group>";
		};
		4FCC1F9E21605CC8001B63ED /* ClimbTests */ = {
			isa = PBXGroup;
			children = (
				4FCC1F9F21605CC8001B63ED /* ClimbTests.swift */,
				4FCC1FA121605CC8001B63ED /* Info.plist */,
			);
			path = ClimbTests;
			sourceTree = "<group>";
		};
		4FCC1FA921605CC8001B63ED /* ClimbUITests */ = {
			isa = PBXGroup;
			children = (
				4FCC1FAA21605CC8001B63ED /* ClimbUITests.swift */,
				4FCC1FAC21605CC8001B63ED /* Info.plist */,
			);
			path = ClimbUITests;
			sourceTree = "<group>";
		};
		4FCC1FB821605FAF001B63ED /* Assets */ = {
			isa = PBXGroup;
			children = (
				4FFA8826216F490500429F84 /* Crags */,
				4FFA8829216F494A00429F84 /* Areas */,
				4FFA882A216F496000429F84 /* Icons */,
				4FFA8827216F492900429F84 /* Climbs */,
				4FCC1F8E21605CC6001B63ED /* Climb_Data.xcdatamodeld */,
				4FCC1F9121605CC8001B63ED /* Assets.xcassets */,
			);
			path = Assets;
			sourceTree = "<group>";
		};
		4FE31B6321E96B8200B45723 /* Subclasses */ = {
			isa = PBXGroup;
			children = (
				4FE31B6421E96BA100B45723 /* DirectionalPanGestureRecognizer.swift */,
			);
			path = Subclasses;
			sourceTree = "<group>";
		};
		4FFA8826216F490500429F84 /* Crags */ = {
			isa = PBXGroup;
			children = (
				4F66DF382169F6030089AFE4 /* flinders.jpg */,
				4F66DF3B2169F6040089AFE4 /* frog.jpg */,
				4F66DF392169F6030089AFE4 /* kp.jpg */,
			);
			path = Crags;
			sourceTree = "<group>";
		};
		4FFA8827216F492900429F84 /* Climbs */ = {
			isa = PBXGroup;
			children = (
				4FFA8828216F493A00429F84 /* Overlays */,
				4F5D5AD12161FB72001D8A07 /* candlestick.jpg */,
				4F5D5ACF2161FB3B001D8A07 /* moai.jpg */,
				4FCC1FBD2160701C001B63ED /* tote.jpg */,
			);
			path = Climbs;
			sourceTree = "<group>";
		};
		4FFA8828216F493A00429F84 /* Overlays */ = {
			isa = PBXGroup;
			children = (
				4F5D5AE12164FB15001D8A07 /* overlay_tote.jpg */,
			);
			path = Overlays;
			sourceTree = "<group>";
		};
		4FFA8829216F494A00429F84 /* Areas */ = {
			isa = PBXGroup;
			children = (
				4FFC43E82167AE6B005D3384 /* celestial.jpg */,
			);
			path = Areas;
			sourceTree = "<group>";
		};
		4FFA882A216F496000429F84 /* Icons */ = {
			isa = PBXGroup;
			children = (
				4FF14FC22203DEA800629A21 /* backIcon2.png */,
				4FF14FC02203DE5C00629A21 /* backIcon.png */,
				4F6FCCA621DDD45000724E52 /* carat.png */,
				D91535A521A394F900C90981 /* climbCountIcon.png */,
				D915359521A2C2E500C90981 /* hikeIcon.png */,
				D915359321A2767400C90981 /* listIcon.png */,
				D915358D21A274A800C90981 /* driveIcon.png */,
				4FFA88372171A43500429F84 /* 2Star.png */,
				4FFA88382171A43500429F84 /* 1Star.png */,
				4FFA883121719F8B00429F84 /* 3Star.png */,
				4FFA882F21718E3500429F84 /* trad.png */,
				4F5D5AE32164FEA0001D8A07 /* pitches.png */,
				4FCC1FBB2160685E001B63ED /* sport.png */,
			);
			path = Icons;
			sourceTree = "<group>";
		};
		D94FC6B321A1020300E0884F /* Transitions */ = {
			isa = PBXGroup;
			children = (
				D94FC6B421A1022200E0884F /* ExpandCragDetailSegue.swift */,
				D915359921A2C62F00C90981 /* DismissClimbListTransition.swift */,
				D915359B21A2C88000C90981 /* DismissClimbListAnimationController.swift */,
				D915359D21A2D36E00C90981 /* ShowClimbListAnimationController.swift */,
				D915359F21A2DDE200C90981 /* ShowClimbListTransition.swift */,
				D91535A121A3929300C90981 /* CollapseCragDetailSegue.swift */,
				D95926B121A63F9500C90077 /* ShowCragListViewSegue.swift */,
			);
			path = Transitions;
			sourceTree = "<group>";
		};
/* End PBXGroup section */

/* Begin PBXNativeTarget section */
		4FCC1F8321605CC6001B63ED /* Climb */ = {
			isa = PBXNativeTarget;
			buildConfigurationList = 4FCC1FAF21605CC8001B63ED /* Build configuration list for PBXNativeTarget "Climb" */;
			buildPhases = (
				4FCC1F8021605CC6001B63ED /* Sources */,
				4FCC1F8121605CC6001B63ED /* Frameworks */,
				4FCC1F8221605CC6001B63ED /* Resources */,
			);
			buildRules = (
			);
			dependencies = (
			);
			name = Climb;
			productName = Climb;
			productReference = 4FCC1F8421605CC6001B63ED /* Climb.app */;
			productType = "com.apple.product-type.application";
		};
		4FCC1F9A21605CC8001B63ED /* ClimbTests */ = {
			isa = PBXNativeTarget;
			buildConfigurationList = 4FCC1FB221605CC8001B63ED /* Build configuration list for PBXNativeTarget "ClimbTests" */;
			buildPhases = (
				4FCC1F9721605CC8001B63ED /* Sources */,
				4FCC1F9821605CC8001B63ED /* Frameworks */,
				4FCC1F9921605CC8001B63ED /* Resources */,
			);
			buildRules = (
			);
			dependencies = (
				4FCC1F9D21605CC8001B63ED /* PBXTargetDependency */,
			);
			name = ClimbTests;
			productName = ClimbTests;
			productReference = 4FCC1F9B21605CC8001B63ED /* ClimbTests.xctest */;
			productType = "com.apple.product-type.bundle.unit-test";
		};
		4FCC1FA521605CC8001B63ED /* ClimbUITests */ = {
			isa = PBXNativeTarget;
			buildConfigurationList = 4FCC1FB521605CC8001B63ED /* Build configuration list for PBXNativeTarget "ClimbUITests" */;
			buildPhases = (
				4FCC1FA221605CC8001B63ED /* Sources */,
				4FCC1FA321605CC8001B63ED /* Frameworks */,
				4FCC1FA421605CC8001B63ED /* Resources */,
			);
			buildRules = (
			);
			dependencies = (
				4FCC1FA821605CC8001B63ED /* PBXTargetDependency */,
			);
			name = ClimbUITests;
			productName = ClimbUITests;
			productReference = 4FCC1FA621605CC8001B63ED /* ClimbUITests.xctest */;
			productType = "com.apple.product-type.bundle.ui-testing";
		};
/* End PBXNativeTarget section */

/* Begin PBXProject section */
		4FCC1F7C21605CC6001B63ED /* Project object */ = {
			isa = PBXProject;
			attributes = {
				KnownAssetTags = (
					ClimbsPageViewController,
				);
				LastSwiftUpdateCheck = 0940;
				LastUpgradeCheck = 0940;
				ORGANIZATIONNAME = "Noah Kraemer";
				TargetAttributes = {
					4FCC1F8321605CC6001B63ED = {
						CreatedOnToolsVersion = 9.4.1;
						LastSwiftMigration = 1000;
					};
					4FCC1F9A21605CC8001B63ED = {
						CreatedOnToolsVersion = 9.4.1;
						LastSwiftMigration = 1000;
						TestTargetID = 4FCC1F8321605CC6001B63ED;
					};
					4FCC1FA521605CC8001B63ED = {
						CreatedOnToolsVersion = 9.4.1;
						LastSwiftMigration = 1000;
						TestTargetID = 4FCC1F8321605CC6001B63ED;
					};
				};
			};
			buildConfigurationList = 4FCC1F7F21605CC6001B63ED /* Build configuration list for PBXProject "Climb" */;
			compatibilityVersion = "Xcode 9.3";
			developmentRegion = en;
			hasScannedForEncodings = 0;
			knownRegions = (
				en,
				Base,
			);
			mainGroup = 4FCC1F7B21605CC6001B63ED;
			productRefGroup = 4FCC1F8521605CC6001B63ED /* Products */;
			projectDirPath = "";
			projectRoot = "";
			targets = (
				4FCC1F8321605CC6001B63ED /* Climb */,
				4FCC1F9A21605CC8001B63ED /* ClimbTests */,
				4FCC1FA521605CC8001B63ED /* ClimbUITests */,
			);
		};
/* End PBXProject section */

/* Begin PBXResourcesBuildPhase section */
		4FCC1F8221605CC6001B63ED /* Resources */ = {
			isa = PBXResourcesBuildPhase;
			buildActionMask = 2147483647;
			files = (
				D91535A621A394F900C90981 /* climbCountIcon.png in Resources */,
				4FCC1F9521605CC8001B63ED /* LaunchScreen.storyboard in Resources */,
				D915358F21A274A800C90981 /* driveIcon.png in Resources */,
				4F66DF3F2169F6040089AFE4 /* frog.jpg in Resources */,
				4FFA883421719F8C00429F84 /* 3Star.png in Resources */,
				D915359621A2C2E500C90981 /* hikeIcon.png in Resources */,
				D915359421A2767500C90981 /* listIcon.png in Resources */,
				4F5D5AD02161FB3B001D8A07 /* moai.jpg in Resources */,
				4F5D5AE42164FEA0001D8A07 /* pitches.png in Resources */,
				4FCC1FBE2160701C001B63ED /* tote.jpg in Resources */,
				4F66DF3D2169F6040089AFE4 /* kp.jpg in Resources */,
				4FCC1F9221605CC8001B63ED /* Assets.xcassets in Resources */,
				4FCC1F8D21605CC6001B63ED /* Main.storyboard in Resources */,
				4FFC43E92167AE6B005D3384 /* celestial.jpg in Resources */,
				4FFA883A2171A43500429F84 /* 1Star.png in Resources */,
				4FFA883021718E3500429F84 /* trad.png in Resources */,
				4FCC1FBC2160685E001B63ED /* sport.png in Resources */,
				4F5D5AE22164FB15001D8A07 /* overlay_tote.jpg in Resources */,
				4F5D5AD22161FB72001D8A07 /* candlestick.jpg in Resources */,
				4FF14FC12203DE5C00629A21 /* backIcon.png in Resources */,
				4F6FCCA721DDD45000724E52 /* carat.png in Resources */,
				4FF14FC32203DEA800629A21 /* backIcon2.png in Resources */,
				4F66DF3C2169F6040089AFE4 /* flinders.jpg in Resources */,
				4FFA88392171A43500429F84 /* 2Star.png in Resources */,
			);
			runOnlyForDeploymentPostprocessing = 0;
		};
		4FCC1F9921605CC8001B63ED /* Resources */ = {
			isa = PBXResourcesBuildPhase;
			buildActionMask = 2147483647;
			files = (
			);
			runOnlyForDeploymentPostprocessing = 0;
		};
		4FCC1FA421605CC8001B63ED /* Resources */ = {
			isa = PBXResourcesBuildPhase;
			buildActionMask = 2147483647;
			files = (
			);
			runOnlyForDeploymentPostprocessing = 0;
		};
/* End PBXResourcesBuildPhase section */

/* Begin PBXSourcesBuildPhase section */
		4FCC1F8021605CC6001B63ED /* Sources */ = {
			isa = PBXSourcesBuildPhase;
			buildActionMask = 2147483647;
			files = (
				4FCC1F9021605CC6001B63ED /* Climb_Data.xcdatamodeld in Sources */,
				D915359A21A2C62F00C90981 /* DismissClimbListTransition.swift in Sources */,
				D91535A221A3929300C90981 /* CollapseCragDetailSegue.swift in Sources */,
				4F66DF35216986B50089AFE4 /* Colors.swift in Sources */,
				4F5D5AD72162010A001D8A07 /* ClimbModel.swift in Sources */,
				D91535A021A2DDE200C90981 /* ShowClimbListTransition.swift in Sources */,
				4FFA883C2171A47300429F84 /* MockClimbData.swift in Sources */,
				D915359C21A2C88000C90981 /* DismissClimbListAnimationController.swift in Sources */,
				4FE31B6521E96BA100B45723 /* DirectionalPanGestureRecognizer.swift in Sources */,
				4F66DF332169821D0089AFE4 /* AnimatedLogoView.swift in Sources */,
				4F66DF31216980A50089AFE4 /* SplashScreenViewController.swift in Sources */,
				D94FC6B221A0DF7500E0884F /* MockCragData.swift in Sources */,
				D915359E21A2D36E00C90981 /* ShowClimbListAnimationController.swift in Sources */,
				D95926B221A63F9500C90077 /* ShowCragListViewSegue.swift in Sources */,
				D98DBC0621996F55004B7577 /* CragListViewController.swift in Sources */,
				4FCC1F8A21605CC6001B63ED /* ClimbPageContentController.swift in Sources */,
				4F5D5AE02164EA9D001D8A07 /* RootViewController.swift in Sources */,
				D98DBC0921997C9D004B7577 /* ClimbListViewController.swift in Sources */,
				D94FC6AE219EB69B00E0884F /* CragDetailViewController.swift in Sources */,
				D94FC6B0219EB8A100E0884F /* CragModel.swift in Sources */,
				4FCC1FC0216072C8001B63ED /* GradientView.swift in Sources */,
				D94FC6B521A1022200E0884F /* ExpandCragDetailSegue.swift in Sources */,
				4F5D5ADE2164E4B9001D8A07 /* ClimbPageViewController.swift in Sources */,
				4FCC1F8821605CC6001B63ED /* AppDelegate.swift in Sources */,
				D98DBC0B2199B5DC004B7577 /* ClimbListBulletView.swift in Sources */,
			);
			runOnlyForDeploymentPostprocessing = 0;
		};
		4FCC1F9721605CC8001B63ED /* Sources */ = {
			isa = PBXSourcesBuildPhase;
			buildActionMask = 2147483647;
			files = (
				4FCC1FA021605CC8001B63ED /* ClimbTests.swift in Sources */,
			);
			runOnlyForDeploymentPostprocessing = 0;
		};
		4FCC1FA221605CC8001B63ED /* Sources */ = {
			isa = PBXSourcesBuildPhase;
			buildActionMask = 2147483647;
			files = (
				4FCC1FAB21605CC8001B63ED /* ClimbUITests.swift in Sources */,
			);
			runOnlyForDeploymentPostprocessing = 0;
		};
/* End PBXSourcesBuildPhase section */

/* Begin PBXTargetDependency section */
		4FCC1F9D21605CC8001B63ED /* PBXTargetDependency */ = {
			isa = PBXTargetDependency;
			target = 4FCC1F8321605CC6001B63ED /* Climb */;
			targetProxy = 4FCC1F9C21605CC8001B63ED /* PBXContainerItemProxy */;
		};
		4FCC1FA821605CC8001B63ED /* PBXTargetDependency */ = {
			isa = PBXTargetDependency;
			target = 4FCC1F8321605CC6001B63ED /* Climb */;
			targetProxy = 4FCC1FA721605CC8001B63ED /* PBXContainerItemProxy */;
		};
/* End PBXTargetDependency section */

/* Begin PBXVariantGroup section */
		4FCC1F8B21605CC6001B63ED /* Main.storyboard */ = {
			isa = PBXVariantGroup;
			children = (
				4FCC1F8C21605CC6001B63ED /* Base */,
			);
			name = Main.storyboard;
			sourceTree = "<group>";
		};
		4FCC1F9321605CC8001B63ED /* LaunchScreen.storyboard */ = {
			isa = PBXVariantGroup;
			children = (
				4FCC1F9421605CC8001B63ED /* Base */,
			);
			name = LaunchScreen.storyboard;
			sourceTree = "<group>";
		};
/* End PBXVariantGroup section */

/* Begin XCBuildConfiguration section */
		4FCC1FAD21605CC8001B63ED /* Debug */ = {
			isa = XCBuildConfiguration;
			buildSettings = {
				ALWAYS_SEARCH_USER_PATHS = NO;
				CLANG_ANALYZER_NONNULL = YES;
				CLANG_ANALYZER_NUMBER_OBJECT_CONVERSION = YES_AGGRESSIVE;
				CLANG_CXX_LANGUAGE_STANDARD = "gnu++14";
				CLANG_CXX_LIBRARY = "libc++";
				CLANG_ENABLE_MODULES = YES;
				CLANG_ENABLE_OBJC_ARC = YES;
				CLANG_ENABLE_OBJC_WEAK = YES;
				CLANG_WARN_BLOCK_CAPTURE_AUTORELEASING = YES;
				CLANG_WARN_BOOL_CONVERSION = YES;
				CLANG_WARN_COMMA = YES;
				CLANG_WARN_CONSTANT_CONVERSION = YES;
				CLANG_WARN_DEPRECATED_OBJC_IMPLEMENTATIONS = YES;
				CLANG_WARN_DIRECT_OBJC_ISA_USAGE = YES_ERROR;
				CLANG_WARN_DOCUMENTATION_COMMENTS = YES;
				CLANG_WARN_EMPTY_BODY = YES;
				CLANG_WARN_ENUM_CONVERSION = YES;
				CLANG_WARN_INFINITE_RECURSION = YES;
				CLANG_WARN_INT_CONVERSION = YES;
				CLANG_WARN_NON_LITERAL_NULL_CONVERSION = YES;
				CLANG_WARN_OBJC_IMPLICIT_RETAIN_SELF = YES;
				CLANG_WARN_OBJC_LITERAL_CONVERSION = YES;
				CLANG_WARN_OBJC_ROOT_CLASS = YES_ERROR;
				CLANG_WARN_RANGE_LOOP_ANALYSIS = YES;
				CLANG_WARN_STRICT_PROTOTYPES = YES;
				CLANG_WARN_SUSPICIOUS_MOVE = YES;
				CLANG_WARN_UNGUARDED_AVAILABILITY = YES_AGGRESSIVE;
				CLANG_WARN_UNREACHABLE_CODE = YES;
				CLANG_WARN__DUPLICATE_METHOD_MATCH = YES;
				CODE_SIGN_IDENTITY = "iPhone Developer";
				COPY_PHASE_STRIP = NO;
				DEBUG_INFORMATION_FORMAT = dwarf;
				ENABLE_STRICT_OBJC_MSGSEND = YES;
				ENABLE_TESTABILITY = YES;
				GCC_C_LANGUAGE_STANDARD = gnu11;
				GCC_DYNAMIC_NO_PIC = NO;
				GCC_NO_COMMON_BLOCKS = YES;
				GCC_OPTIMIZATION_LEVEL = 0;
				GCC_PREPROCESSOR_DEFINITIONS = (
					"DEBUG=1",
					"$(inherited)",
				);
				GCC_WARN_64_TO_32_BIT_CONVERSION = YES;
				GCC_WARN_ABOUT_RETURN_TYPE = YES_ERROR;
				GCC_WARN_UNDECLARED_SELECTOR = YES;
				GCC_WARN_UNINITIALIZED_AUTOS = YES_AGGRESSIVE;
				GCC_WARN_UNUSED_FUNCTION = YES;
				GCC_WARN_UNUSED_VARIABLE = YES;
				IPHONEOS_DEPLOYMENT_TARGET = 11.4;
				MTL_ENABLE_DEBUG_INFO = YES;
				ONLY_ACTIVE_ARCH = YES;
				SDKROOT = iphoneos;
				SWIFT_ACTIVE_COMPILATION_CONDITIONS = DEBUG;
				SWIFT_OPTIMIZATION_LEVEL = "-Onone";
			};
			name = Debug;
		};
		4FCC1FAE21605CC8001B63ED /* Release */ = {
			isa = XCBuildConfiguration;
			buildSettings = {
				ALWAYS_SEARCH_USER_PATHS = NO;
				CLANG_ANALYZER_NONNULL = YES;
				CLANG_ANALYZER_NUMBER_OBJECT_CONVERSION = YES_AGGRESSIVE;
				CLANG_CXX_LANGUAGE_STANDARD = "gnu++14";
				CLANG_CXX_LIBRARY = "libc++";
				CLANG_ENABLE_MODULES = YES;
				CLANG_ENABLE_OBJC_ARC = YES;
				CLANG_ENABLE_OBJC_WEAK = YES;
				CLANG_WARN_BLOCK_CAPTURE_AUTORELEASING = YES;
				CLANG_WARN_BOOL_CONVERSION = YES;
				CLANG_WARN_COMMA = YES;
				CLANG_WARN_CONSTANT_CONVERSION = YES;
				CLANG_WARN_DEPRECATED_OBJC_IMPLEMENTATIONS = YES;
				CLANG_WARN_DIRECT_OBJC_ISA_USAGE = YES_ERROR;
				CLANG_WARN_DOCUMENTATION_COMMENTS = YES;
				CLANG_WARN_EMPTY_BODY = YES;
				CLANG_WARN_ENUM_CONVERSION = YES;
				CLANG_WARN_INFINITE_RECURSION = YES;
				CLANG_WARN_INT_CONVERSION = YES;
				CLANG_WARN_NON_LITERAL_NULL_CONVERSION = YES;
				CLANG_WARN_OBJC_IMPLICIT_RETAIN_SELF = YES;
				CLANG_WARN_OBJC_LITERAL_CONVERSION = YES;
				CLANG_WARN_OBJC_ROOT_CLASS = YES_ERROR;
				CLANG_WARN_RANGE_LOOP_ANALYSIS = YES;
				CLANG_WARN_STRICT_PROTOTYPES = YES;
				CLANG_WARN_SUSPICIOUS_MOVE = YES;
				CLANG_WARN_UNGUARDED_AVAILABILITY = YES_AGGRESSIVE;
				CLANG_WARN_UNREACHABLE_CODE = YES;
				CLANG_WARN__DUPLICATE_METHOD_MATCH = YES;
				CODE_SIGN_IDENTITY = "iPhone Developer";
				COPY_PHASE_STRIP = NO;
				DEBUG_INFORMATION_FORMAT = "dwarf-with-dsym";
				ENABLE_NS_ASSERTIONS = NO;
				ENABLE_STRICT_OBJC_MSGSEND = YES;
				GCC_C_LANGUAGE_STANDARD = gnu11;
				GCC_NO_COMMON_BLOCKS = YES;
				GCC_WARN_64_TO_32_BIT_CONVERSION = YES;
				GCC_WARN_ABOUT_RETURN_TYPE = YES_ERROR;
				GCC_WARN_UNDECLARED_SELECTOR = YES;
				GCC_WARN_UNINITIALIZED_AUTOS = YES_AGGRESSIVE;
				GCC_WARN_UNUSED_FUNCTION = YES;
				GCC_WARN_UNUSED_VARIABLE = YES;
				IPHONEOS_DEPLOYMENT_TARGET = 11.4;
				MTL_ENABLE_DEBUG_INFO = NO;
				SDKROOT = iphoneos;
				SWIFT_COMPILATION_MODE = wholemodule;
				SWIFT_OPTIMIZATION_LEVEL = "-O";
				VALIDATE_PRODUCT = YES;
			};
			name = Release;
		};
		4FCC1FB021605CC8001B63ED /* Debug */ = {
			isa = XCBuildConfiguration;
			buildSettings = {
				ASSETCATALOG_COMPILER_APPICON_NAME = AppIcon;
				CODE_SIGN_STYLE = Automatic;
				DEVELOPMENT_TEAM = YA46AL724H;
				INFOPLIST_FILE = Climb/Info.plist;
				LD_RUNPATH_SEARCH_PATHS = (
					"$(inherited)",
					"@executable_path/Frameworks",
				);
				PRODUCT_BUNDLE_IDENTIFIER = "Noah-Kraemer.Climb";
				PRODUCT_NAME = "$(TARGET_NAME)";
				SWIFT_VERSION = 4.2;
				TARGETED_DEVICE_FAMILY = "1,2";
			};
			name = Debug;
		};
		4FCC1FB121605CC8001B63ED /* Release */ = {
			isa = XCBuildConfiguration;
			buildSettings = {
				ASSETCATALOG_COMPILER_APPICON_NAME = AppIcon;
				CODE_SIGN_STYLE = Automatic;
				DEVELOPMENT_TEAM = YA46AL724H;
				INFOPLIST_FILE = Climb/Info.plist;
				LD_RUNPATH_SEARCH_PATHS = (
					"$(inherited)",
					"@executable_path/Frameworks",
				);
				PRODUCT_BUNDLE_IDENTIFIER = "Noah-Kraemer.Climb";
				PRODUCT_NAME = "$(TARGET_NAME)";
				SWIFT_VERSION = 4.2;
				TARGETED_DEVICE_FAMILY = "1,2";
			};
			name = Release;
		};
		4FCC1FB321605CC8001B63ED /* Debug */ = {
			isa = XCBuildConfiguration;
			buildSettings = {
				ALWAYS_EMBED_SWIFT_STANDARD_LIBRARIES = YES;
				BUNDLE_LOADER = "$(TEST_HOST)";
				CODE_SIGN_STYLE = Automatic;
				DEVELOPMENT_TEAM = YA46AL724H;
				INFOPLIST_FILE = ClimbTests/Info.plist;
				LD_RUNPATH_SEARCH_PATHS = (
					"$(inherited)",
					"@executable_path/Frameworks",
					"@loader_path/Frameworks",
				);
				PRODUCT_BUNDLE_IDENTIFIER = "Noah-Kraemer.ClimbTests";
				PRODUCT_NAME = "$(TARGET_NAME)";
				SWIFT_VERSION = 4.2;
				TARGETED_DEVICE_FAMILY = "1,2";
				TEST_HOST = "$(BUILT_PRODUCTS_DIR)/Climb.app/Climb";
			};
			name = Debug;
		};
		4FCC1FB421605CC8001B63ED /* Release */ = {
			isa = XCBuildConfiguration;
			buildSettings = {
				ALWAYS_EMBED_SWIFT_STANDARD_LIBRARIES = YES;
				BUNDLE_LOADER = "$(TEST_HOST)";
				CODE_SIGN_STYLE = Automatic;
				DEVELOPMENT_TEAM = YA46AL724H;
				INFOPLIST_FILE = ClimbTests/Info.plist;
				LD_RUNPATH_SEARCH_PATHS = (
					"$(inherited)",
					"@executable_path/Frameworks",
					"@loader_path/Frameworks",
				);
				PRODUCT_BUNDLE_IDENTIFIER = "Noah-Kraemer.ClimbTests";
				PRODUCT_NAME = "$(TARGET_NAME)";
				SWIFT_VERSION = 4.2;
				TARGETED_DEVICE_FAMILY = "1,2";
				TEST_HOST = "$(BUILT_PRODUCTS_DIR)/Climb.app/Climb";
			};
			name = Release;
		};
		4FCC1FB621605CC8001B63ED /* Debug */ = {
			isa = XCBuildConfiguration;
			buildSettings = {
				ALWAYS_EMBED_SWIFT_STANDARD_LIBRARIES = YES;
				CODE_SIGN_STYLE = Automatic;
				DEVELOPMENT_TEAM = YA46AL724H;
				INFOPLIST_FILE = ClimbUITests/Info.plist;
				LD_RUNPATH_SEARCH_PATHS = (
					"$(inherited)",
					"@executable_path/Frameworks",
					"@loader_path/Frameworks",
				);
				PRODUCT_BUNDLE_IDENTIFIER = "Noah-Kraemer.ClimbUITests";
				PRODUCT_NAME = "$(TARGET_NAME)";
				SWIFT_VERSION = 4.2;
				TARGETED_DEVICE_FAMILY = "1,2";
				TEST_TARGET_NAME = Climb;
			};
			name = Debug;
		};
		4FCC1FB721605CC8001B63ED /* Release */ = {
			isa = XCBuildConfiguration;
			buildSettings = {
				ALWAYS_EMBED_SWIFT_STANDARD_LIBRARIES = YES;
				CODE_SIGN_STYLE = Automatic;
				DEVELOPMENT_TEAM = YA46AL724H;
				INFOPLIST_FILE = ClimbUITests/Info.plist;
				LD_RUNPATH_SEARCH_PATHS = (
					"$(inherited)",
					"@executable_path/Frameworks",
					"@loader_path/Frameworks",
				);
				PRODUCT_BUNDLE_IDENTIFIER = "Noah-Kraemer.ClimbUITests";
				PRODUCT_NAME = "$(TARGET_NAME)";
				SWIFT_VERSION = 4.2;
				TARGETED_DEVICE_FAMILY = "1,2";
				TEST_TARGET_NAME = Climb;
			};
			name = Release;
		};
/* End XCBuildConfiguration section */

/* Begin XCConfigurationList section */
		4FCC1F7F21605CC6001B63ED /* Build configuration list for PBXProject "Climb" */ = {
			isa = XCConfigurationList;
			buildConfigurations = (
				4FCC1FAD21605CC8001B63ED /* Debug */,
				4FCC1FAE21605CC8001B63ED /* Release */,
			);
			defaultConfigurationIsVisible = 0;
			defaultConfigurationName = Release;
		};
		4FCC1FAF21605CC8001B63ED /* Build configuration list for PBXNativeTarget "Climb" */ = {
			isa = XCConfigurationList;
			buildConfigurations = (
				4FCC1FB021605CC8001B63ED /* Debug */,
				4FCC1FB121605CC8001B63ED /* Release */,
			);
			defaultConfigurationIsVisible = 0;
			defaultConfigurationName = Release;
		};
		4FCC1FB221605CC8001B63ED /* Build configuration list for PBXNativeTarget "ClimbTests" */ = {
			isa = XCConfigurationList;
			buildConfigurations = (
				4FCC1FB321605CC8001B63ED /* Debug */,
				4FCC1FB421605CC8001B63ED /* Release */,
			);
			defaultConfigurationIsVisible = 0;
			defaultConfigurationName = Release;
		};
		4FCC1FB521605CC8001B63ED /* Build configuration list for PBXNativeTarget "ClimbUITests" */ = {
			isa = XCConfigurationList;
			buildConfigurations = (
				4FCC1FB621605CC8001B63ED /* Debug */,
				4FCC1FB721605CC8001B63ED /* Release */,
			);
			defaultConfigurationIsVisible = 0;
			defaultConfigurationName = Release;
		};
/* End XCConfigurationList section */

/* Begin XCVersionGroup section */
		4FCC1F8E21605CC6001B63ED /* Climb_Data.xcdatamodeld */ = {
			isa = XCVersionGroup;
			children = (
				4FCC1F8F21605CC6001B63ED /* Climb.xcdatamodel */,
			);
			currentVersion = 4FCC1F8F21605CC6001B63ED /* Climb.xcdatamodel */;
			path = Climb_Data.xcdatamodeld;
			sourceTree = "<group>";
			versionGroupType = wrapper.xcdatamodel;
		};
/* End XCVersionGroup section */
	};
	rootObject = 4FCC1F7C21605CC6001B63ED /* Project object */;
}
